# THIS IS AN AUTOGENERATED FILE. DO NOT EDIT THIS FILE DIRECTLY.
# yarn lockfile v1


"@serialport/binding-abstract@^2.0.5":
  version "2.0.5"
  resolved "https://registry.npm.taobao.org/@serialport/binding-abstract/download/@serialport/binding-abstract-2.0.5.tgz#e13305467c12effcd32c19c8b686a3f629e55cb3"
  integrity sha1-4TMFRnwS7/zTLBnItoaj9inlXLM=
  dependencies:
    debug "^4.1.1"

"@serialport/binding-mock@^2.0.5":
  version "2.0.5"
  resolved "https://registry.npm.taobao.org/@serialport/binding-mock/download/@serialport/binding-mock-2.0.5.tgz#328bc73189843623531743133d95aa29c2a25a1d"
  integrity sha1-MovHMYmENiNTF0MTPZWqKcKiWh0=
  dependencies:
    "@serialport/binding-abstract" "^2.0.5"
    debug "^4.1.1"

"@serialport/bindings@^2.0.8":
  version "2.0.8"
  resolved "https://registry.npm.taobao.org/@serialport/bindings/download/@serialport/bindings-2.0.8.tgz#30344814cc284c5ed4f76af644c9cdbd1b240e59"
  integrity sha1-MDRIFMwoTF7U92r2RMnNvRskDlk=
  dependencies:
    "@serialport/binding-abstract" "^2.0.5"
    "@serialport/parser-readline" "^2.0.2"
    bindings "^1.3.0"
    debug "^4.1.1"
    nan "^2.13.2"
    prebuild-install "^5.2.1"

"@serialport/parser-byte-length@^2.0.2":
  version "2.0.2"
  resolved "https://registry.npm.taobao.org/@serialport/parser-byte-length/download/@serialport/parser-byte-length-2.0.2.tgz#88619132b5aaa6a39828abe6ac4f921cdd5f6b01"
  integrity sha1-iGGRMrWqpqOYKKvmrE+SHN1fawE=

"@serialport/parser-cctalk@^2.0.2":
  version "2.0.2"
  resolved "https://registry.npm.taobao.org/@serialport/parser-cctalk/download/@serialport/parser-cctalk-2.0.2.tgz#7a2713f415c6286c3d78cddab4757cd0b39ef026"
  integrity sha1-eicT9BXGKGw9eM3atHV80LOe8CY=

"@serialport/parser-delimiter@^2.0.2":
  version "2.0.2"
  resolved "https://registry.npm.taobao.org/@serialport/parser-delimiter/download/@serialport/parser-delimiter-2.0.2.tgz#2765b37c8227c22e1e48f51f8c84cdeb2c650988"
  integrity sha1-J2WzfIInwi4eSPUfjITN6yxlCYg=

"@serialport/parser-readline@^2.0.2":
  version "2.0.2"
  resolved "https://registry.npm.taobao.org/@serialport/parser-readline/download/@serialport/parser-readline-2.0.2.tgz#850882a8abd6df50ac538301ae53e374fd510277"
  integrity sha1-hQiCqKvW31CsU4MBrlPjdP1RAnc=
  dependencies:
    "@serialport/parser-delimiter" "^2.0.2"

"@serialport/parser-ready@^2.0.2":
  version "2.0.2"
  resolved "https://registry.npm.taobao.org/@serialport/parser-ready/download/@serialport/parser-ready-2.0.2.tgz#de5e4a613afc7ba6d11533c111f756e51f6e8080"
  integrity sha1-3l5KYTr8e6bRFTPBEfdW5R9ugIA=

"@serialport/parser-regex@^2.0.2":
  version "2.0.2"
  resolved "https://registry.npm.taobao.org/@serialport/parser-regex/download/@serialport/parser-regex-2.0.2.tgz#fde13ca38770ea53a77e8f0c53b2c46b2cef805a"
  integrity sha1-/eE8o4dw6lOnfo8MU7LEayzvgFo=

"@serialport/stream@^2.0.5":
  version "2.0.5"
  resolved "https://registry.npm.taobao.org/@serialport/stream/download/@serialport/stream-2.0.5.tgz#1a39be184e23de1abe229df00469944ac45118c3"
  integrity sha1-Gjm+GE4j3hq+Ip3wBGmUSsRRGMM=
  dependencies:
    "@serialport/binding-mock" "^2.0.5"
    debug "^4.1.1"

ansi-regex@^2.0.0:
  version "2.1.1"
  resolved "https://registry.npm.taobao.org/ansi-regex/download/ansi-regex-2.1.1.tgz#c3b33ab5ee360d86e0e628f0468ae7ef27d654df"
  integrity sha1-w7M6te42DYbg5ijwRorn7yfWVN8=

ansi-regex@^3.0.0:
  version "3.0.0"
  resolved "https://registry.npm.taobao.org/ansi-regex/download/ansi-regex-3.0.0.tgz#ed0317c322064f79466c02966bddb605ab37d998"
  integrity sha1-7QMXwyIGT3lGbAKWa922Bas32Zg=

aproba@^1.0.3:
  version "1.2.0"
  resolved "https://registry.npm.taobao.org/aproba/download/aproba-1.2.0.tgz#6802e6264efd18c790a1b0d517f0f2627bf2c94a"
  integrity sha1-aALmJk79GMeQobDVF/DyYnvyyUo=

are-we-there-yet@~1.1.2:
  version "1.1.5"
  resolved "https://registry.npm.taobao.org/are-we-there-yet/download/are-we-there-yet-1.1.5.tgz#4b35c2944f062a8bfcda66410760350fe9ddfc21"
  integrity sha1-SzXClE8GKov82mZBB2A1D+nd/CE=
  dependencies:
    delegates "^1.0.0"
    readable-stream "^2.0.6"

bindings@^1.3.0:
  version "1.5.0"
  resolved "https://registry.npm.taobao.org/bindings/download/bindings-1.5.0.tgz#10353c9e945334bc0511a6d90b38fbc7c9c504df"
  integrity sha1-EDU8npRTNLwFEabZCzj7x8nFBN8=
  dependencies:
    file-uri-to-path "1.0.0"

bl@^3.0.0:
  version "3.0.1"
  resolved "https://registry.yarnpkg.com/bl/-/bl-3.0.1.tgz#1cbb439299609e419b5a74d7fce2f8b37d8e5c6f"
  integrity sha512-jrCW5ZhfQ/Vt07WX1Ngs+yn9BDqPL/gw28S7s9H6QK/gupnizNzJAss5akW20ISgOrbLTlXOOCTJeNUQqruAWQ==
  dependencies:
    readable-stream "^3.0.1"

chownr@^1.1.1:
  version "1.1.3"
  resolved "https://registry.npm.taobao.org/chownr/download/chownr-1.1.3.tgz#42d837d5239688d55f303003a508230fa6727142"
  integrity sha1-Qtg31SOWiNVfMDADpQgjD6ZycUI=

code-point-at@^1.0.0:
  version "1.1.0"
  resolved "https://registry.npm.taobao.org/code-point-at/download/code-point-at-1.1.0.tgz#0d070b4d043a5bea33a2f1a40e2edb3d9a4ccf77"
  integrity sha1-DQcLTQQ6W+ozovGkDi7bPZpMz3c=

console-control-strings@^1.0.0, console-control-strings@~1.1.0:
  version "1.1.0"
  resolved "https://registry.npm.taobao.org/console-control-strings/download/console-control-strings-1.1.0.tgz#3d7cf4464db6446ea644bf4b39507f9851008e8e"
  integrity sha1-PXz0Rk22RG6mRL9LOVB/mFEAjo4=

core-util-is@~1.0.0:
  version "1.0.2"
  resolved "https://registry.npm.taobao.org/core-util-is/download/core-util-is-1.0.2.tgz#b5fd54220aa2bc5ab57aab7140c940754503c1a7"
  integrity sha1-tf1UIgqivFq1eqtxQMlAdUUDwac=

cross-env@^6.0.0:
  version "6.0.0"
  resolved "https://registry.npm.taobao.org/cross-env/download/cross-env-6.0.0.tgz?cache=0&sync_timestamp=1568740398464&other_urls=https%3A%2F%2Fregistry.npm.taobao.org%2Fcross-env%2Fdownload%2Fcross-env-6.0.0.tgz#3c8e71440ea20aa6faaf5aec541235efc565dac6"
  integrity sha1-PI5xRA6iCqb6r1rsVBI178Vl2sY=
  dependencies:
    cross-spawn "^7.0.0"

cross-spawn@^7.0.0:
  version "7.0.0"
  resolved "https://registry.npm.taobao.org/cross-spawn/download/cross-spawn-7.0.0.tgz?cache=0&sync_timestamp=1567511270254&other_urls=https%3A%2F%2Fregistry.npm.taobao.org%2Fcross-spawn%2Fdownload%2Fcross-spawn-7.0.0.tgz#21ef9470443262f33dba80b2705a91db959b2e03"
  integrity sha1-Ie+UcEQyYvM9uoCycFqR25WbLgM=
  dependencies:
    path-key "^3.1.0"
    shebang-command "^1.2.0"
    which "^1.2.9"

debug@^4.1.1:
  version "4.1.1"
  resolved "https://registry.npm.taobao.org/debug/download/debug-4.1.1.tgz#3b72260255109c6b589cee050f1d516139664791"
  integrity sha1-O3ImAlUQnGtYnO4FDx1RYTlmR5E=
  dependencies:
    ms "^2.1.1"

decompress-response@^4.2.0:
  version "4.2.1"
  resolved "https://registry.npm.taobao.org/decompress-response/download/decompress-response-4.2.1.tgz?cache=0&other_urls=https%3A%2F%2Fregistry.npm.taobao.org%2Fdecompress-response%2Fdownload%2Fdecompress-response-4.2.1.tgz#414023cc7a302da25ce2ec82d0d5238ccafd8986"
  integrity sha1-QUAjzHowLaJc4uyC0NUjjMr9iYY=
  dependencies:
    mimic-response "^2.0.0"

deep-extend@^0.6.0:
  version "0.6.0"
  resolved "https://registry.npm.taobao.org/deep-extend/download/deep-extend-0.6.0.tgz#c4fa7c95404a17a9c3e8ca7e1537312b736330ac"
  integrity sha1-xPp8lUBKF6nD6Mp+FTcxK3NjMKw=

delegates@^1.0.0:
  version "1.0.0"
  resolved "https://registry.npm.taobao.org/delegates/download/delegates-1.0.0.tgz#84c6e159b81904fdca59a0ef44cd870d31250f9a"
  integrity sha1-hMbhWbgZBP3KWaDvRM2HDTElD5o=

detect-libc@^1.0.3:
  version "1.0.3"
  resolved "https://registry.npm.taobao.org/detect-libc/download/detect-libc-1.0.3.tgz#fa137c4bd698edf55cd5cd02ac559f91a4c4ba9b"
  integrity sha1-+hN8S9aY7fVc1c0CrFWfkaTEups=

end-of-stream@^1.1.0, end-of-stream@^1.4.1:
  version "1.4.4"
  resolved "https://registry.npm.taobao.org/end-of-stream/download/end-of-stream-1.4.4.tgz#5ae64a5f45057baf3626ec14da0ca5e4b2431eb0"
  integrity sha1-WuZKX0UFe682JuwU2gyl5LJDHrA=
  dependencies:
    once "^1.4.0"

expand-template@^2.0.3:
  version "2.0.3"
  resolved "https://registry.npm.taobao.org/expand-template/download/expand-template-2.0.3.tgz#6e14b3fcee0f3a6340ecb57d2e8918692052a47c"
  integrity sha1-bhSz/O4POmNA7LV9LokYaSBSpHw=

file-uri-to-path@1.0.0:
  version "1.0.0"
  resolved "https://registry.npm.taobao.org/file-uri-to-path/download/file-uri-to-path-1.0.0.tgz#553a7b8446ff6f684359c445f1e37a05dacc33dd"
  integrity sha1-VTp7hEb/b2hDWcRF8eN6BdrMM90=

fs-constants@^1.0.0:
  version "1.0.0"
  resolved "https://registry.npm.taobao.org/fs-constants/download/fs-constants-1.0.0.tgz#6be0de9be998ce16af8afc24497b9ee9b7ccd9ad"
  integrity sha1-a+Dem+mYzhavivwkSXue6bfM2a0=

gauge@~2.7.3:
  version "2.7.4"
  resolved "https://registry.npm.taobao.org/gauge/download/gauge-2.7.4.tgz#2c03405c7538c39d7eb37b317022e325fb018bf7"
  integrity sha1-LANAXHU4w51+s3sxcCLjJfsBi/c=
  dependencies:
    aproba "^1.0.3"
    console-control-strings "^1.0.0"
    has-unicode "^2.0.0"
    object-assign "^4.1.0"
    signal-exit "^3.0.0"
    string-width "^1.0.1"
    strip-ansi "^3.0.1"
    wide-align "^1.1.0"

github-from-package@0.0.0:
  version "0.0.0"
  resolved "https://registry.npm.taobao.org/github-from-package/download/github-from-package-0.0.0.tgz#97fb5d96bfde8973313f20e8288ef9a167fa64ce"
  integrity sha1-l/tdlr/eiXMxPyDoKI75oWf6ZM4=

has-unicode@^2.0.0:
  version "2.0.1"
  resolved "https://registry.npm.taobao.org/has-unicode/download/has-unicode-2.0.1.tgz#e0e6fe6a28cf51138855e086d1691e771de2a8b9"
  integrity sha1-4Ob+aijPUROIVeCG0Wkedx3iqLk=

inherits@^2.0.3, inherits@~2.0.3:
  version "2.0.4"
  resolved "https://registry.yarnpkg.com/inherits/-/inherits-2.0.4.tgz#0fa2c64f932917c3433a0ded55363aae37416b7c"
  integrity sha512-k/vGaX4/Yla3WzyMCvTQOXYeIHvqOKtnqBduzTHpzpQZzAskKMhZ2K+EnBiSM9zGSoIFeMpXKxa4dYeZIQqewQ==

ini@~1.3.0:
  version "1.3.5"
  resolved "https://registry.npm.taobao.org/ini/download/ini-1.3.5.tgz#eee25f56db1c9ec6085e0c22778083f596abf927"
  integrity sha1-7uJfVtscnsYIXgwid4CD9Zar+Sc=

is-fullwidth-code-point@^1.0.0:
  version "1.0.0"
  resolved "https://registry.npm.taobao.org/is-fullwidth-code-point/download/is-fullwidth-code-point-1.0.0.tgz#ef9e31386f031a7f0d643af82fde50c457ef00cb"
  integrity sha1-754xOG8DGn8NZDr4L95QxFfvAMs=
  dependencies:
    number-is-nan "^1.0.0"

is-fullwidth-code-point@^2.0.0:
  version "2.0.0"
  resolved "https://registry.npm.taobao.org/is-fullwidth-code-point/download/is-fullwidth-code-point-2.0.0.tgz#a3b30a5c4f199183167aaab93beefae3ddfb654f"
  integrity sha1-o7MKXE8ZkYMWeqq5O+764937ZU8=

isarray@~1.0.0:
  version "1.0.0"
  resolved "https://registry.npm.taobao.org/isarray/download/isarray-1.0.0.tgz?cache=0&sync_timestamp=1562592096220&other_urls=https%3A%2F%2Fregistry.npm.taobao.org%2Fisarray%2Fdownload%2Fisarray-1.0.0.tgz#bb935d48582cba168c06834957a54a3e07124f11"
  integrity sha1-u5NdSFgsuhaMBoNJV6VKPgcSTxE=

isexe@^2.0.0:
  version "2.0.0"
  resolved "https://registry.npm.taobao.org/isexe/download/isexe-2.0.0.tgz?cache=0&other_urls=https%3A%2F%2Fregistry.npm.taobao.org%2Fisexe%2Fdownload%2Fisexe-2.0.0.tgz#e8fbf374dc556ff8947a10dcb0572d633f2cfa10"
  integrity sha1-6PvzdNxVb/iUehDcsFctYz8s+hA=

mimic-response@^2.0.0:
  version "2.0.0"
  resolved "https://registry.npm.taobao.org/mimic-response/download/mimic-response-2.0.0.tgz#996a51c60adf12cb8a87d7fb8ef24c2f3d5ebb46"
  integrity sha1-mWpRxgrfEsuKh9f7jvJMLz1eu0Y=

minimist@0.0.8:
  version "0.0.8"
  resolved "https://registry.npm.taobao.org/minimist/download/minimist-0.0.8.tgz#857fcabfc3397d2625b8228262e86aa7a011b05d"
  integrity sha1-hX/Kv8M5fSYluCKCYuhqp6ARsF0=

minimist@^1.2.0:
  version "1.2.0"
  resolved "https://registry.npm.taobao.org/minimist/download/minimist-1.2.0.tgz#a35008b20f41383eec1fb914f4cd5df79a264284"
  integrity sha1-o1AIsg9BOD7sH7kU9M1d95omQoQ=

mkdirp@^0.5.1:
  version "0.5.1"
  resolved "https://registry.npm.taobao.org/mkdirp/download/mkdirp-0.5.1.tgz#30057438eac6cf7f8c4767f38648d6697d75c903"
  integrity sha1-MAV0OOrGz3+MR2fzhkjWaX11yQM=
  dependencies:
    minimist "0.0.8"

ms@^2.1.1:
  version "2.1.2"
  resolved "https://registry.npm.taobao.org/ms/download/ms-2.1.2.tgz#d09d1f357b443f493382a8eb3ccd183872ae6009"
  integrity sha1-0J0fNXtEP0kzgqjrPM0YOHKuYAk=

nan@^2.13.2:
  version "2.14.0"
  resolved "https://registry.npm.taobao.org/nan/download/nan-2.14.0.tgz#7818f722027b2459a86f0295d434d1fc2336c52c"
  integrity sha1-eBj3IgJ7JFmobwKV1DTR/CM2xSw=

napi-build-utils@^1.0.1:
  version "1.0.1"
  resolved "https://registry.npm.taobao.org/napi-build-utils/download/napi-build-utils-1.0.1.tgz#1381a0f92c39d66bf19852e7873432fc2123e508"
  integrity sha1-E4Gg+Sw51mvxmFLnhzQy/CEj5Qg=

node-abi@^2.7.0:
  version "2.11.0"
  resolved "https://registry.npm.taobao.org/node-abi/download/node-abi-2.11.0.tgz#b7dce18815057544a049be5ae75cd1fdc2e9ea59"
  integrity sha1-t9zhiBUFdUSgSb5a51zR/cLp6lk=
  dependencies:
    semver "^5.4.1"

noop-logger@^0.1.1:
  version "0.1.1"
  resolved "https://registry.npm.taobao.org/noop-logger/download/noop-logger-0.1.1.tgz#94a2b1633c4f1317553007d8966fd0e841b6a4c2"
  integrity sha1-lKKxYzxPExdVMAfYlm/Q6EG2pMI=

npmlog@^4.0.1:
  version "4.1.2"
  resolved "https://registry.npm.taobao.org/npmlog/download/npmlog-4.1.2.tgz#08a7f2a8bf734604779a9efa4ad5cc717abb954b"
  integrity sha1-CKfyqL9zRgR3mp76StXMcXq7lUs=
  dependencies:
    are-we-there-yet "~1.1.2"
    console-control-strings "~1.1.0"
    gauge "~2.7.3"
    set-blocking "~2.0.0"

number-is-nan@^1.0.0:
  version "1.0.1"
  resolved "https://registry.npm.taobao.org/number-is-nan/download/number-is-nan-1.0.1.tgz#097b602b53422a522c1afb8790318336941a011d"
  integrity sha1-CXtgK1NCKlIsGvuHkDGDNpQaAR0=

object-assign@^4.1.0:
  version "4.1.1"
  resolved "https://registry.npm.taobao.org/object-assign/download/object-assign-4.1.1.tgz#2109adc7965887cfc05cbbd442cac8bfbb360863"
  integrity sha1-IQmtx5ZYh8/AXLvUQsrIv7s2CGM=

once@^1.3.1, once@^1.4.0:
  version "1.4.0"
  resolved "https://registry.npm.taobao.org/once/download/once-1.4.0.tgz#583b1aa775961d4b113ac17d9c50baef9dd76bd1"
  integrity sha1-WDsap3WWHUsROsF9nFC6753Xa9E=
  dependencies:
    wrappy "1"

path-key@^3.1.0:
  version "3.1.0"
  resolved "https://registry.npm.taobao.org/path-key/download/path-key-3.1.0.tgz#99a10d870a803bdd5ee6f0470e58dfcd2f9a54d3"
  integrity sha1-maENhwqAO91e5vBHDljfzS+aVNM=

prebuild-install@^5.2.1:
  version "5.3.2"
  resolved "https://registry.npm.taobao.org/prebuild-install/download/prebuild-install-5.3.2.tgz#6392e9541ac0b879ef0f22b3d65037417eb2035e"
  integrity sha1-Y5LpVBrAuHnvDyKz1lA3QX6yA14=
  dependencies:
    detect-libc "^1.0.3"
    expand-template "^2.0.3"
    github-from-package "0.0.0"
    minimist "^1.2.0"
    mkdirp "^0.5.1"
    napi-build-utils "^1.0.1"
    node-abi "^2.7.0"
    noop-logger "^0.1.1"
    npmlog "^4.0.1"
    pump "^3.0.0"
    rc "^1.2.7"
    simple-get "^3.0.3"
    tar-fs "^2.0.0"
    tunnel-agent "^0.6.0"
    which-pm-runs "^1.0.0"

process-nextick-args@~2.0.0:
  version "2.0.1"
  resolved "https://registry.npm.taobao.org/process-nextick-args/download/process-nextick-args-2.0.1.tgz#7820d9b16120cc55ca9ae7792680ae7dba6d7fe2"
  integrity sha1-eCDZsWEgzFXKmud5JoCufbptf+I=

pump@^3.0.0:
  version "3.0.0"
  resolved "https://registry.npm.taobao.org/pump/download/pump-3.0.0.tgz#b4a2116815bde2f4e1ea602354e8c75565107a64"
  integrity sha1-tKIRaBW94vTh6mAjVOjHVWUQemQ=
  dependencies:
    end-of-stream "^1.1.0"
    once "^1.3.1"

rc@^1.2.7:
  version "1.2.8"
  resolved "https://registry.npm.taobao.org/rc/download/rc-1.2.8.tgz#cd924bf5200a075b83c188cd6b9e211b7fc0d3ed"
  integrity sha1-zZJL9SAKB1uDwYjNa54hG3/A0+0=
  dependencies:
    deep-extend "^0.6.0"
    ini "~1.3.0"
    minimist "^1.2.0"
    strip-json-comments "~2.0.1"

readable-stream@^2.0.6:
  version "2.3.6"
  resolved "https://registry.npm.taobao.org/readable-stream/download/readable-stream-2.3.6.tgz?cache=0&other_urls=https%3A%2F%2Fregistry.npm.taobao.org%2Freadable-stream%2Fdownload%2Freadable-stream-2.3.6.tgz#b11c27d88b8ff1fbe070643cf94b0c79ae1b0aaf"
  integrity sha1-sRwn2IuP8fvgcGQ8+UsMea4bCq8=
  dependencies:
    core-util-is "~1.0.0"
    inherits "~2.0.3"
    isarray "~1.0.0"
    process-nextick-args "~2.0.0"
    safe-buffer "~5.1.1"
    string_decoder "~1.1.1"
    util-deprecate "~1.0.1"

readable-stream@^3.0.1, readable-stream@^3.1.1:
  version "3.6.0"
  resolved "https://registry.yarnpkg.com/readable-stream/-/readable-stream-3.6.0.tgz#337bbda3adc0706bd3e024426a286d4b4b2c9198"
  integrity sha512-BViHy7LKeTz4oNnkcLJ+lVSL6vpiFeX6/d3oSH8zCW7UxP2onchk+vTGB143xuFjHS3deTgkKoXXymXqymiIdA==
  dependencies:
    inherits "^2.0.3"
    string_decoder "^1.1.1"
    util-deprecate "^1.0.1"

safe-buffer@^5.0.1:
  version "5.2.0"
  resolved "https://registry.npm.taobao.org/safe-buffer/download/safe-buffer-5.2.0.tgz?cache=0&sync_timestamp=1562377642757&other_urls=https%3A%2F%2Fregistry.npm.taobao.org%2Fsafe-buffer%2Fdownload%2Fsafe-buffer-5.2.0.tgz#b74daec49b1148f88c64b68d49b1e815c1f2f519"
  integrity sha1-t02uxJsRSPiMZLaNSbHoFcHy9Rk=

safe-buffer@~5.1.0, safe-buffer@~5.1.1:
  version "5.1.2"
  resolved "https://registry.npm.taobao.org/safe-buffer/download/safe-buffer-5.1.2.tgz?cache=0&sync_timestamp=1562377642757&other_urls=https%3A%2F%2Fregistry.npm.taobao.org%2Fsafe-buffer%2Fdownload%2Fsafe-buffer-5.1.2.tgz#991ec69d296e0313747d59bdfd2b745c35f8828d"
  integrity sha1-mR7GnSluAxN0fVm9/St0XDX4go0=

safe-buffer@~5.2.0:
  version "5.2.1"
  resolved "https://registry.yarnpkg.com/safe-buffer/-/safe-buffer-5.2.1.tgz#1eaf9fa9bdb1fdd4ec75f58f9cdb4e6b7827eec6"
  integrity sha512-rp3So07KcdmmKbGvgaNxQSJr7bGVSVk5S9Eq1F+ppbRo70+YeaDxkw5Dd8NPN+GD6bjnYm2VuPuCXmpuYvmCXQ==

semver@^5.4.1:
  version "5.7.1"
  resolved "https://registry.npm.taobao.org/semver/download/semver-5.7.1.tgz?cache=0&sync_timestamp=1565627380363&other_urls=https%3A%2F%2Fregistry.npm.taobao.org%2Fsemver%2Fdownload%2Fsemver-5.7.1.tgz#a954f931aeba508d307bbf069eff0c01c96116f7"
  integrity sha1-qVT5Ma66UI0we78Gnv8MAclhFvc=

serialport@^7.1.5:
  version "7.1.5"
  resolved "https://registry.npm.taobao.org/serialport/download/serialport-7.1.5.tgz#3395e3cc33c6584731ccce62aaa82b0f6b7e0077"
  integrity sha1-M5XjzDPGWEcxzM5iqqgrD2t+AHc=
  dependencies:
    "@serialport/binding-mock" "^2.0.5"
    "@serialport/bindings" "^2.0.8"
    "@serialport/parser-byte-length" "^2.0.2"
    "@serialport/parser-cctalk" "^2.0.2"
    "@serialport/parser-delimiter" "^2.0.2"
    "@serialport/parser-readline" "^2.0.2"
    "@serialport/parser-ready" "^2.0.2"
    "@serialport/parser-regex" "^2.0.2"
    "@serialport/stream" "^2.0.5"
    debug "^4.1.1"

set-blocking@~2.0.0:
  version "2.0.0"
  resolved "https://registry.npm.taobao.org/set-blocking/download/set-blocking-2.0.0.tgz#045f9782d011ae9a6803ddd382b24392b3d890f7"
  integrity sha1-BF+XgtARrppoA93TgrJDkrPYkPc=

shebang-command@^1.2.0:
  version "1.2.0"
  resolved "https://registry.npm.taobao.org/shebang-command/download/shebang-command-1.2.0.tgz#44aac65b695b03398968c39f363fee5deafdf1ea"
  integrity sha1-RKrGW2lbAzmJaMOfNj/uXer98eo=
  dependencies:
    shebang-regex "^1.0.0"

shebang-regex@^1.0.0:
  version "1.0.0"
  resolved "https://registry.npm.taobao.org/shebang-regex/download/shebang-regex-1.0.0.tgz#da42f49740c0b42db2ca9728571cb190c98efea3"
  integrity sha1-2kL0l0DAtC2yypcoVxyxkMmO/qM=

signal-exit@^3.0.0:
  version "3.0.2"
  resolved "https://registry.npm.taobao.org/signal-exit/download/signal-exit-3.0.2.tgz?cache=0&other_urls=https%3A%2F%2Fregistry.npm.taobao.org%2Fsignal-exit%2Fdownload%2Fsignal-exit-3.0.2.tgz#b5fdc08f1287ea1178628e415e25132b73646c6d"
  integrity sha1-tf3AjxKH6hF4Yo5BXiUTK3NkbG0=

simple-concat@^1.0.0:
  version "1.0.0"
  resolved "https://registry.npm.taobao.org/simple-concat/download/simple-concat-1.0.0.tgz#7344cbb8b6e26fb27d66b2fc86f9f6d5997521c6"
  integrity sha1-c0TLuLbib7J9ZrL8hvn21Zl1IcY=

simple-get@^3.0.3:
  version "3.1.0"
  resolved "https://registry.npm.taobao.org/simple-get/download/simple-get-3.1.0.tgz?cache=0&other_urls=https%3A%2F%2Fregistry.npm.taobao.org%2Fsimple-get%2Fdownload%2Fsimple-get-3.1.0.tgz#b45be062435e50d159540b576202ceec40b9c6b3"
  integrity sha1-tFvgYkNeUNFZVAtXYgLO7EC5xrM=
  dependencies:
    decompress-response "^4.2.0"
    once "^1.3.1"
    simple-concat "^1.0.0"

string-width@^1.0.1:
  version "1.0.2"
  resolved "https://registry.npm.taobao.org/string-width/download/string-width-1.0.2.tgz#118bdf5b8cdc51a2a7e70d211e07e2b0b9b107d3"
  integrity sha1-EYvfW4zcUaKn5w0hHgfisLmxB9M=
  dependencies:
    code-point-at "^1.0.0"
    is-fullwidth-code-point "^1.0.0"
    strip-ansi "^3.0.0"

"string-width@^1.0.2 || 2":
  version "2.1.1"
  resolved "https://registry.npm.taobao.org/string-width/download/string-width-2.1.1.tgz#ab93f27a8dc13d28cac815c462143a6d9012ae9e"
  integrity sha1-q5Pyeo3BPSjKyBXEYhQ6bZASrp4=
  dependencies:
    is-fullwidth-code-point "^2.0.0"
    strip-ansi "^4.0.0"

string_decoder@^1.1.1:
  version "1.3.0"
  resolved "https://registry.yarnpkg.com/string_decoder/-/string_decoder-1.3.0.tgz#42f114594a46cf1a8e30b0a84f56c78c3edac21e"
  integrity sha512-hkRX8U1WjJFd8LsDJ2yQ/wWWxaopEsABU1XfkM8A+j0+85JAGppt16cr1Whg6KIbb4okU6Mql6BOj+uup/wKeA==
  dependencies:
    safe-buffer "~5.2.0"

string_decoder@~1.1.1:
  version "1.1.1"
  resolved "https://registry.npm.taobao.org/string_decoder/download/string_decoder-1.1.1.tgz#9cf1611ba62685d7030ae9e4ba34149c3af03fc8"
  integrity sha1-nPFhG6YmhdcDCunkujQUnDrwP8g=
  dependencies:
    safe-buffer "~5.1.0"

strip-ansi@^3.0.0, strip-ansi@^3.0.1:
  version "3.0.1"
  resolved "https://registry.npm.taobao.org/strip-ansi/download/strip-ansi-3.0.1.tgz#6a385fb8853d952d5ff05d0e8aaf94278dc63dcf"
  integrity sha1-ajhfuIU9lS1f8F0Oiq+UJ43GPc8=
  dependencies:
    ansi-regex "^2.0.0"

strip-ansi@^4.0.0:
  version "4.0.0"
  resolved "https://registry.npm.taobao.org/strip-ansi/download/strip-ansi-4.0.0.tgz#a8479022eb1ac368a871389b635262c505ee368f"
  integrity sha1-qEeQIusaw2iocTibY1JixQXuNo8=
  dependencies:
    ansi-regex "^3.0.0"

strip-json-comments@~2.0.1:
  version "2.0.1"
  resolved "https://registry.npm.taobao.org/strip-json-comments/download/strip-json-comments-2.0.1.tgz?cache=0&other_urls=https%3A%2F%2Fregistry.npm.taobao.org%2Fstrip-json-comments%2Fdownload%2Fstrip-json-comments-2.0.1.tgz#3c531942e908c2697c0ec344858c286c7ca0a60a"
  integrity sha1-PFMZQukIwml8DsNEhYwobHygpgo=

tar-fs@^2.0.0:
  version "2.0.0"
  resolved "https://registry.npm.taobao.org/tar-fs/download/tar-fs-2.0.0.tgz#677700fc0c8b337a78bee3623fdc235f21d7afad"
  integrity sha1-Z3cA/AyLM3p4vuNiP9wjXyHXr60=
  dependencies:
    chownr "^1.1.1"
    mkdirp "^0.5.1"
    pump "^3.0.0"
    tar-stream "^2.0.0"

tar-stream@^2.0.0:
  version "2.1.0"
  resolved "https://registry.npm.taobao.org/tar-stream/download/tar-stream-2.1.0.tgz#d1aaa3661f05b38b5acc9b7020efdca5179a2cc3"
  integrity sha1-0aqjZh8Fs4tazJtwIO/cpReaLMM=
  dependencies:
    bl "^3.0.0"
    end-of-stream "^1.4.1"
    fs-constants "^1.0.0"
    inherits "^2.0.3"
    readable-stream "^3.1.1"

tunnel-agent@^0.6.0:
  version "0.6.0"
  resolved "https://registry.npm.taobao.org/tunnel-agent/download/tunnel-agent-0.6.0.tgz#27a5dea06b36b04a0a9966774b290868f0fc40fd"
  integrity sha1-J6XeoGs2sEoKmWZ3SykIaPD8QP0=
  dependencies:
    safe-buffer "^5.0.1"

util-deprecate@^1.0.1, util-deprecate@~1.0.1:
  version "1.0.2"
  resolved "https://registry.npm.taobao.org/util-deprecate/download/util-deprecate-1.0.2.tgz#450d4dc9fa70de732762fbd2d4a28981419a0ccf"
  integrity sha1-RQ1Nyfpw3nMnYvvS1KKJgUGaDM8=

which-pm-runs@^1.0.0:
  version "1.0.0"
  resolved "https://registry.npm.taobao.org/which-pm-runs/download/which-pm-runs-1.0.0.tgz#670b3afbc552e0b55df6b7780ca74615f23ad1cb"
  integrity sha1-Zws6+8VS4LVd9rd4DKdGFfI60cs=

which@^1.2.9:
  version "1.3.1"
  resolved "https://registry.npm.taobao.org/which/download/which-1.3.1.tgz#a45043d54f5805316da8d62f9f50918d3da70b0a"
  integrity sha1-pFBD1U9YBTFtqNYvn1CRjT2nCwo=
  dependencies:
    isexe "^2.0.0"

wide-align@^1.1.0:
  version "1.1.3"
  resolved "https://registry.npm.taobao.org/wide-align/download/wide-align-1.1.3.tgz#ae074e6bdc0c14a431e804e624549c633b000457"
  integrity sha1-rgdOa9wMFKQx6ATmJFScYzsABFc=
  dependencies:
    string-width "^1.0.2 || 2"

wrappy@1:
  version "1.0.2"
  resolved "https://registry.npm.taobao.org/wrappy/download/wrappy-1.0.2.tgz#b5243d8f3ec1aa35f1364605bc0d1036e30ab69f"
  integrity sha1-tSQ9jz7BqjXxNkYFvA0QNuMKtp8=
